// !$*UTF8*$!
{
	archiveVersion = 1;
	classes = {
	};
	objectVersion = 46;
	objects = {

/* Begin PBXBuildFile section */
		9000EE581DAD9D7C00CE17E5 /* CPPCUtilities.m in Sources */ = {isa = PBXBuildFile; fileRef = 9000EE571DAD9D7C00CE17E5 /* CPPCUtilities.m */; };
		900FF1191DAB3B230028DA90 /* CPPCServerManager.m in Sources */ = {isa = PBXBuildFile; fileRef = 900FF1181DAB3B230028DA90 /* CPPCServerManager.m */; };
		900FF11F1DAB3EE70028DA90 /* UIImage+Optimizations.m in Sources */ = {isa = PBXBuildFile; fileRef = 900FF11E1DAB3EE70028DA90 /* UIImage+Optimizations.m */; };
		A439E0FAFCD0A564132B3830 /* libPods-PicChoose.a in Frameworks */ = {isa = PBXBuildFile; fileRef = 53D7BC64ED191C4F87ACA666 /* libPods-PicChoose.a */; };
		C14C41871DAA09F8001D2D35 /* Assets.xcassets in Resources */ = {isa = PBXBuildFile; fileRef = C14C41861DAA09F8001D2D35 /* Assets.xcassets */; };
		C14C418E1DAA09F8001D2D35 /* MessagesExtension.appex in Embed App Extensions */ = {isa = PBXBuildFile; fileRef = C14C418D1DAA09F8001D2D35 /* MessagesExtension.appex */; settings = {ATTRIBUTES = (RemoveHeadersOnCopy, ); }; };
		C14C41931DAA09F8001D2D35 /* Messages.framework in Frameworks */ = {isa = PBXBuildFile; fileRef = C14C41921DAA09F8001D2D35 /* Messages.framework */; };
		C14C419C1DAA09F8001D2D35 /* Assets.xcassets in Resources */ = {isa = PBXBuildFile; fileRef = C14C419B1DAA09F8001D2D35 /* Assets.xcassets */; };
		C14C41A91DAA0CB3001D2D35 /* CPPCMessagesViewController.m in Sources */ = {isa = PBXBuildFile; fileRef = C14C41A81DAA0CB3001D2D35 /* CPPCMessagesViewController.m */; };
		C1C28EB71DAAC98B00695100 /* CPPCChoicesCollectionViewCell.m in Sources */ = {isa = PBXBuildFile; fileRef = C1C28EB61DAAC98B00695100 /* CPPCChoicesCollectionViewCell.m */; };
		C1E146B71DAAC042001FC8A9 /* CPPCChoicesCollectionView.m in Sources */ = {isa = PBXBuildFile; fileRef = C1E146B61DAAC042001FC8A9 /* CPPCChoicesCollectionView.m */; };
		FD0C179899E047AD4AF45EBD /* libPods-MessagesExtension.a in Frameworks */ = {isa = PBXBuildFile; fileRef = 89F5F3B0A5AF98AA78187A66 /* libPods-MessagesExtension.a */; };
/* End PBXBuildFile section */

/* Begin PBXContainerItemProxy section */
		C14C418F1DAA09F8001D2D35 /* PBXContainerItemProxy */ = {
			isa = PBXContainerItemProxy;
			containerPortal = C14C417D1DAA09F7001D2D35 /* Project object */;
			proxyType = 1;
			remoteGlobalIDString = C14C418C1DAA09F8001D2D35;
			remoteInfo = MessagesExtension;
		};
/* End PBXContainerItemProxy section */

/* Begin PBXCopyFilesBuildPhase section */
		C14C41A31DAA09F8001D2D35 /* Embed App Extensions */ = {
			isa = PBXCopyFilesBuildPhase;
			buildActionMask = 2147483647;
			dstPath = "";
			dstSubfolderSpec = 13;
			files = (
				C14C418E1DAA09F8001D2D35 /* MessagesExtension.appex in Embed App Extensions */,
			);
			name = "Embed App Extensions";
			runOnlyForDeploymentPostprocessing = 0;
		};
/* End PBXCopyFilesBuildPhase section */

/* Begin PBXFileReference section */
		3B167D77EEA1B37339CC7810 /* Pods-MessagesExtension.release.xcconfig */ = {isa = PBXFileReference; includeInIndex = 1; lastKnownFileType = text.xcconfig; name = "Pods-MessagesExtension.release.xcconfig"; path = "Pods/Target Support Files/Pods-MessagesExtension/Pods-MessagesExtension.release.xcconfig"; sourceTree = "<group>"; };
		53D7BC64ED191C4F87ACA666 /* libPods-PicChoose.a */ = {isa = PBXFileReference; explicitFileType = archive.ar; includeInIndex = 0; path = "libPods-PicChoose.a"; sourceTree = BUILT_PRODUCTS_DIR; };
		74CCB977A60AFCB8F13A3CB9 /* Pods-PicChoose.release.xcconfig */ = {isa = PBXFileReference; includeInIndex = 1; lastKnownFileType = text.xcconfig; name = "Pods-PicChoose.release.xcconfig"; path = "Pods/Target Support Files/Pods-PicChoose/Pods-PicChoose.release.xcconfig"; sourceTree = "<group>"; };
		89F5F3B0A5AF98AA78187A66 /* libPods-MessagesExtension.a */ = {isa = PBXFileReference; explicitFileType = archive.ar; includeInIndex = 0; path = "libPods-MessagesExtension.a"; sourceTree = BUILT_PRODUCTS_DIR; };
		9000EE561DAD9D7C00CE17E5 /* CPPCUtilities.h */ = {isa = PBXFileReference; fileEncoding = 4; lastKnownFileType = sourcecode.c.h; path = CPPCUtilities.h; sourceTree = "<group>"; };
		9000EE571DAD9D7C00CE17E5 /* CPPCUtilities.m */ = {isa = PBXFileReference; fileEncoding = 4; lastKnownFileType = sourcecode.c.objc; path = CPPCUtilities.m; sourceTree = "<group>"; };
		900FF1171DAB3B230028DA90 /* CPPCServerManager.h */ = {isa = PBXFileReference; fileEncoding = 4; lastKnownFileType = sourcecode.c.h; path = CPPCServerManager.h; sourceTree = "<group>"; };
		900FF1181DAB3B230028DA90 /* CPPCServerManager.m */ = {isa = PBXFileReference; fileEncoding = 4; lastKnownFileType = sourcecode.c.objc; path = CPPCServerManager.m; sourceTree = "<group>"; };
		900FF11D1DAB3EE70028DA90 /* UIImage+Optimizations.h */ = {isa = PBXFileReference; fileEncoding = 4; lastKnownFileType = sourcecode.c.h; path = "UIImage+Optimizations.h"; sourceTree = "<group>"; };
		900FF11E1DAB3EE70028DA90 /* UIImage+Optimizations.m */ = {isa = PBXFileReference; fileEncoding = 4; lastKnownFileType = sourcecode.c.objc; path = "UIImage+Optimizations.m"; sourceTree = "<group>"; };
		A2317DEA01C906EBAE544B3E /* Pods-MessagesExtension.debug.xcconfig */ = {isa = PBXFileReference; includeInIndex = 1; lastKnownFileType = text.xcconfig; name = "Pods-MessagesExtension.debug.xcconfig"; path = "Pods/Target Support Files/Pods-MessagesExtension/Pods-MessagesExtension.debug.xcconfig"; sourceTree = "<group>"; };
		AAD9628BD66BE8E79C4D0DD9 /* Pods-PicChoose.debug.xcconfig */ = {isa = PBXFileReference; includeInIndex = 1; lastKnownFileType = text.xcconfig; name = "Pods-PicChoose.debug.xcconfig"; path = "Pods/Target Support Files/Pods-PicChoose/Pods-PicChoose.debug.xcconfig"; sourceTree = "<group>"; };
		C14C41831DAA09F8001D2D35 /* PicChoose.app */ = {isa = PBXFileReference; explicitFileType = wrapper.application; includeInIndex = 0; path = PicChoose.app; sourceTree = BUILT_PRODUCTS_DIR; };
		C14C41861DAA09F8001D2D35 /* Assets.xcassets */ = {isa = PBXFileReference; lastKnownFileType = folder.assetcatalog; path = Assets.xcassets; sourceTree = "<group>"; };
		C14C41881DAA09F8001D2D35 /* Info.plist */ = {isa = PBXFileReference; lastKnownFileType = text.plist.xml; path = Info.plist; sourceTree = "<group>"; };
		C14C418D1DAA09F8001D2D35 /* MessagesExtension.appex */ = {isa = PBXFileReference; explicitFileType = "wrapper.app-extension"; includeInIndex = 0; path = MessagesExtension.appex; sourceTree = BUILT_PRODUCTS_DIR; };
		C14C41921DAA09F8001D2D35 /* Messages.framework */ = {isa = PBXFileReference; lastKnownFileType = wrapper.framework; name = Messages.framework; path = System/Library/Frameworks/Messages.framework; sourceTree = SDKROOT; };
		C14C419B1DAA09F8001D2D35 /* Assets.xcassets */ = {isa = PBXFileReference; lastKnownFileType = folder.assetcatalog; path = Assets.xcassets; sourceTree = "<group>"; };
		C14C419D1DAA09F8001D2D35 /* Info.plist */ = {isa = PBXFileReference; lastKnownFileType = text.plist.xml; path = Info.plist; sourceTree = "<group>"; };
		C14C41A71DAA0CB3001D2D35 /* CPPCMessagesViewController.h */ = {isa = PBXFileReference; fileEncoding = 4; lastKnownFileType = sourcecode.c.h; name = CPPCMessagesViewController.h; path = Code/ViewControllers/CPPCMessagesViewController.h; sourceTree = "<group>"; };
		C14C41A81DAA0CB3001D2D35 /* CPPCMessagesViewController.m */ = {isa = PBXFileReference; fileEncoding = 4; lastKnownFileType = sourcecode.c.objc; name = CPPCMessagesViewController.m; path = Code/ViewControllers/CPPCMessagesViewController.m; sourceTree = "<group>"; };
		C1C28EB51DAAC98B00695100 /* CPPCChoicesCollectionViewCell.h */ = {isa = PBXFileReference; fileEncoding = 4; lastKnownFileType = sourcecode.c.h; name = CPPCChoicesCollectionViewCell.h; path = "Code/Cell Classes/CPPCChoicesCollectionViewCell.h"; sourceTree = "<group>"; };
		C1C28EB61DAAC98B00695100 /* CPPCChoicesCollectionViewCell.m */ = {isa = PBXFileReference; fileEncoding = 4; lastKnownFileType = sourcecode.c.objc; name = CPPCChoicesCollectionViewCell.m; path = "Code/Cell Classes/CPPCChoicesCollectionViewCell.m"; sourceTree = "<group>"; };
		C1E146B51DAAC042001FC8A9 /* CPPCChoicesCollectionView.h */ = {isa = PBXFileReference; fileEncoding = 4; lastKnownFileType = sourcecode.c.h; name = CPPCChoicesCollectionView.h; path = "Code/View Classes/CPPCChoicesCollectionView.h"; sourceTree = "<group>"; };
		C1E146B61DAAC042001FC8A9 /* CPPCChoicesCollectionView.m */ = {isa = PBXFileReference; fileEncoding = 4; lastKnownFileType = sourcecode.c.objc; name = CPPCChoicesCollectionView.m; path = "Code/View Classes/CPPCChoicesCollectionView.m"; sourceTree = "<group>"; };
/* End PBXFileReference section */

/* Begin PBXFrameworksBuildPhase section */
		18E54F1CCBA1FBE64377BEF0 /* Frameworks */ = {
			isa = PBXFrameworksBuildPhase;
			buildActionMask = 2147483647;
			files = (
				A439E0FAFCD0A564132B3830 /* libPods-PicChoose.a in Frameworks */,
			);
			runOnlyForDeploymentPostprocessing = 0;
		};
		C14C418A1DAA09F8001D2D35 /* Frameworks */ = {
			isa = PBXFrameworksBuildPhase;
			buildActionMask = 2147483647;
			files = (
				C14C41931DAA09F8001D2D35 /* Messages.framework in Frameworks */,
				FD0C179899E047AD4AF45EBD /* libPods-MessagesExtension.a in Frameworks */,
			);
			runOnlyForDeploymentPostprocessing = 0;
		};
/* End PBXFrameworksBuildPhase section */

/* Begin PBXGroup section */
		947FD1F1A21E9CA7A7F9A403 /* Pods */ = {
			isa = PBXGroup;
			children = (
				A2317DEA01C906EBAE544B3E /* Pods-MessagesExtension.debug.xcconfig */,
				3B167D77EEA1B37339CC7810 /* Pods-MessagesExtension.release.xcconfig */,
				AAD9628BD66BE8E79C4D0DD9 /* Pods-PicChoose.debug.xcconfig */,
				74CCB977A60AFCB8F13A3CB9 /* Pods-PicChoose.release.xcconfig */,
			);
			name = Pods;
			sourceTree = "<group>";
		};
		C14C417C1DAA09F7001D2D35 = {
			isa = PBXGroup;
			children = (
				C14C41851DAA09F8001D2D35 /* PicChoose */,
				C14C41941DAA09F8001D2D35 /* MessagesExtension */,
				C14C41911DAA09F8001D2D35 /* Frameworks */,
				C14C41841DAA09F8001D2D35 /* Products */,
				947FD1F1A21E9CA7A7F9A403 /* Pods */,
			);
			sourceTree = "<group>";
		};
		C14C41841DAA09F8001D2D35 /* Products */ = {
			isa = PBXGroup;
			children = (
				C14C41831DAA09F8001D2D35 /* PicChoose.app */,
				C14C418D1DAA09F8001D2D35 /* MessagesExtension.appex */,
			);
			name = Products;
			sourceTree = "<group>";
		};
		C14C41851DAA09F8001D2D35 /* PicChoose */ = {
			isa = PBXGroup;
			children = (
				C14C41861DAA09F8001D2D35 /* Assets.xcassets */,
				C14C41881DAA09F8001D2D35 /* Info.plist */,
			);
			path = PicChoose;
			sourceTree = "<group>";
		};
		C14C41911DAA09F8001D2D35 /* Frameworks */ = {
			isa = PBXGroup;
			children = (
				C14C41921DAA09F8001D2D35 /* Messages.framework */,
				89F5F3B0A5AF98AA78187A66 /* libPods-MessagesExtension.a */,
				53D7BC64ED191C4F87ACA666 /* libPods-PicChoose.a */,
			);
			name = Frameworks;
			sourceTree = "<group>";
		};
		C14C41941DAA09F8001D2D35 /* MessagesExtension */ = {
			isa = PBXGroup;
			children = (
				C1C28EB41DAAC92C00695100 /* Cell Classes */,
				C1E146B41DAABF6A001FC8A9 /* View Classes */,
				C14C41A71DAA0CB3001D2D35 /* CPPCMessagesViewController.h */,
				C14C41A81DAA0CB3001D2D35 /* CPPCMessagesViewController.m */,
				900FF11D1DAB3EE70028DA90 /* UIImage+Optimizations.h */,
				900FF11E1DAB3EE70028DA90 /* UIImage+Optimizations.m */,
				900FF1171DAB3B230028DA90 /* CPPCServerManager.h */,
				900FF1181DAB3B230028DA90 /* CPPCServerManager.m */,
				9000EE561DAD9D7C00CE17E5 /* CPPCUtilities.h */,
				9000EE571DAD9D7C00CE17E5 /* CPPCUtilities.m */,
				C14C419B1DAA09F8001D2D35 /* Assets.xcassets */,
				C14C419D1DAA09F8001D2D35 /* Info.plist */,
			);
			path = MessagesExtension;
			sourceTree = "<group>";
		};
		C1C28EB41DAAC92C00695100 /* Cell Classes */ = {
			isa = PBXGroup;
			children = (
				C1C28EB51DAAC98B00695100 /* CPPCChoicesCollectionViewCell.h */,
				C1C28EB61DAAC98B00695100 /* CPPCChoicesCollectionViewCell.m */,
			);
			name = "Cell Classes";
			sourceTree = "<group>";
		};
		C1E146B41DAABF6A001FC8A9 /* View Classes */ = {
			isa = PBXGroup;
			children = (
				C1E146B51DAAC042001FC8A9 /* CPPCChoicesCollectionView.h */,
				C1E146B61DAAC042001FC8A9 /* CPPCChoicesCollectionView.m */,
			);
			name = "View Classes";
			sourceTree = "<group>";
		};
/* End PBXGroup section */

/* Begin PBXNativeTarget section */
		C14C41821DAA09F8001D2D35 /* PicChoose */ = {
			isa = PBXNativeTarget;
			buildConfigurationList = C14C41A41DAA09F8001D2D35 /* Build configuration list for PBXNativeTarget "PicChoose" */;
			buildPhases = (
				30A3EA5C5E1C0BD8B82A8475 /* [CP] Check Pods Manifest.lock */,
				C14C41811DAA09F8001D2D35 /* Resources */,
				C14C41A31DAA09F8001D2D35 /* Embed App Extensions */,
				18E54F1CCBA1FBE64377BEF0 /* Frameworks */,
				21B042EE7F42F288F9D06185 /* [CP] Copy Pods Resources */,
			);
			buildRules = (
			);
			dependencies = (
				C14C41901DAA09F8001D2D35 /* PBXTargetDependency */,
			);
			name = PicChoose;
			productName = PicChoose;
			productReference = C14C41831DAA09F8001D2D35 /* PicChoose.app */;
			productType = "com.apple.product-type.application.messages";
		};
		C14C418C1DAA09F8001D2D35 /* MessagesExtension */ = {
			isa = PBXNativeTarget;
			buildConfigurationList = C14C41A01DAA09F8001D2D35 /* Build configuration list for PBXNativeTarget "MessagesExtension" */;
			buildPhases = (
				A4E48FE2619D8FE4549B5D0C /* [CP] Check Pods Manifest.lock */,
				C14C41891DAA09F8001D2D35 /* Sources */,
				C14C418A1DAA09F8001D2D35 /* Frameworks */,
				C14C418B1DAA09F8001D2D35 /* Resources */,
				C0BF4C4C62C353E4381E916C /* [CP] Copy Pods Resources */,
			);
			buildRules = (
			);
			dependencies = (
			);
			name = MessagesExtension;
			productName = MessagesExtension;
			productReference = C14C418D1DAA09F8001D2D35 /* MessagesExtension.appex */;
			productType = "com.apple.product-type.app-extension.messages";
		};
/* End PBXNativeTarget section */

/* Begin PBXProject section */
		C14C417D1DAA09F7001D2D35 /* Project object */ = {
			isa = PBXProject;
			attributes = {
				LastUpgradeCheck = 0810;
				ORGANIZATIONNAME = "CP Digital Darkroom";
				TargetAttributes = {
					C14C41821DAA09F8001D2D35 = {
						CreatedOnToolsVersion = 8.1;
						DevelopmentTeam = 8V5J4G27BG;
						ProvisioningStyle = Automatic;
					};
					C14C418C1DAA09F8001D2D35 = {
						CreatedOnToolsVersion = 8.1;
						DevelopmentTeam = 8V5J4G27BG;
						ProvisioningStyle = Automatic;
					};
				};
			};
			buildConfigurationList = C14C41801DAA09F7001D2D35 /* Build configuration list for PBXProject "PicChoose" */;
			compatibilityVersion = "Xcode 3.2";
			developmentRegion = English;
			hasScannedForEncodings = 0;
			knownRegions = (
				en,
				Base,
			);
			mainGroup = C14C417C1DAA09F7001D2D35;
			productRefGroup = C14C41841DAA09F8001D2D35 /* Products */;
			projectDirPath = "";
			projectRoot = "";
			targets = (
				C14C41821DAA09F8001D2D35 /* PicChoose */,
				C14C418C1DAA09F8001D2D35 /* MessagesExtension */,
			);
		};
/* End PBXProject section */

/* Begin PBXResourcesBuildPhase section */
		C14C41811DAA09F8001D2D35 /* Resources */ = {
			isa = PBXResourcesBuildPhase;
			buildActionMask = 2147483647;
			files = (
				C14C41871DAA09F8001D2D35 /* Assets.xcassets in Resources */,
			);
			runOnlyForDeploymentPostprocessing = 0;
		};
		C14C418B1DAA09F8001D2D35 /* Resources */ = {
			isa = PBXResourcesBuildPhase;
			buildActionMask = 2147483647;
			files = (
				C14C419C1DAA09F8001D2D35 /* Assets.xcassets in Resources */,
			);
			runOnlyForDeploymentPostprocessing = 0;
		};
/* End PBXResourcesBuildPhase section */

/* Begin PBXShellScriptBuildPhase section */
		21B042EE7F42F288F9D06185 /* [CP] Copy Pods Resources */ = {
			isa = PBXShellScriptBuildPhase;
			buildActionMask = 2147483647;
			files = (
			);
			inputPaths = (
			);
			name = "[CP] Copy Pods Resources";
			outputPaths = (
			);
			runOnlyForDeploymentPostprocessing = 0;
			shellPath = /bin/sh;
			shellScript = "\"${SRCROOT}/Pods/Target Support Files/Pods-PicChoose/Pods-PicChoose-resources.sh\"\n";
			showEnvVarsInLog = 0;
		};
		30A3EA5C5E1C0BD8B82A8475 /* [CP] Check Pods Manifest.lock */ = {
			isa = PBXShellScriptBuildPhase;
			buildActionMask = 2147483647;
			files = (
			);
			inputPaths = (
			);
			name = "[CP] Check Pods Manifest.lock";
			outputPaths = (
			);
			runOnlyForDeploymentPostprocessing = 0;
			shellPath = /bin/sh;
			shellScript = "diff \"${PODS_ROOT}/../Podfile.lock\" \"${PODS_ROOT}/Manifest.lock\" > /dev/null\nif [ $? != 0 ] ; then\n    # print error to STDERR\n    echo \"error: The sandbox is not in sync with the Podfile.lock. Run 'pod install' or update your CocoaPods installation.\" >&2\n    exit 1\nfi\n";
			showEnvVarsInLog = 0;
		};
		A4E48FE2619D8FE4549B5D0C /* [CP] Check Pods Manifest.lock */ = {
			isa = PBXShellScriptBuildPhase;
			buildActionMask = 2147483647;
			files = (
			);
			inputPaths = (
			);
			name = "[CP] Check Pods Manifest.lock";
			outputPaths = (
			);
			runOnlyForDeploymentPostprocessing = 0;
			shellPath = /bin/sh;
			shellScript = "diff \"${PODS_ROOT}/../Podfile.lock\" \"${PODS_ROOT}/Manifest.lock\" > /dev/null\nif [ $? != 0 ] ; then\n    # print error to STDERR\n    echo \"error: The sandbox is not in sync with the Podfile.lock. Run 'pod install' or update your CocoaPods installation.\" >&2\n    exit 1\nfi\n";
			showEnvVarsInLog = 0;
		};
		C0BF4C4C62C353E4381E916C /* [CP] Copy Pods Resources */ = {
			isa = PBXShellScriptBuildPhase;
			buildActionMask = 2147483647;
			files = (
			);
			inputPaths = (
			);
			name = "[CP] Copy Pods Resources";
			outputPaths = (
			);
			runOnlyForDeploymentPostprocessing = 0;
			shellPath = /bin/sh;
			shellScript = "\"${SRCROOT}/Pods/Target Support Files/Pods-MessagesExtension/Pods-MessagesExtension-resources.sh\"\n";
			showEnvVarsInLog = 0;
		};
/* End PBXShellScriptBuildPhase section */

/* Begin PBXSourcesBuildPhase section */
		C14C41891DAA09F8001D2D35 /* Sources */ = {
			isa = PBXSourcesBuildPhase;
			buildActionMask = 2147483647;
			files = (
				C14C41A91DAA0CB3001D2D35 /* CPPCMessagesViewController.m in Sources */,
				C1C28EB71DAAC98B00695100 /* CPPCChoicesCollectionViewCell.m in Sources */,
				9000EE581DAD9D7C00CE17E5 /* CPPCUtilities.m in Sources */,
				900FF11F1DAB3EE70028DA90 /* UIImage+Optimizations.m in Sources */,
				900FF1191DAB3B230028DA90 /* CPPCServerManager.m in Sources */,
				C1E146B71DAAC042001FC8A9 /* CPPCChoicesCollectionView.m in Sources */,
			);
			runOnlyForDeploymentPostprocessing = 0;
		};
/* End PBXSourcesBuildPhase section */

/* Begin PBXTargetDependency section */
		C14C41901DAA09F8001D2D35 /* PBXTargetDependency */ = {
			isa = PBXTargetDependency;
			target = C14C418C1DAA09F8001D2D35 /* MessagesExtension */;
			targetProxy = C14C418F1DAA09F8001D2D35 /* PBXContainerItemProxy */;
		};
/* End PBXTargetDependency section */

/* Begin XCBuildConfiguration section */
		C14C419E1DAA09F8001D2D35 /* Debug */ = {
			isa = XCBuildConfiguration;
			buildSettings = {
				ALWAYS_SEARCH_USER_PATHS = NO;
				CLANG_ANALYZER_NONNULL = YES;
				CLANG_CXX_LANGUAGE_STANDARD = "gnu++0x";
				CLANG_CXX_LIBRARY = "libc++";
				CLANG_ENABLE_MODULES = YES;
				CLANG_ENABLE_OBJC_ARC = YES;
				CLANG_WARN_BOOL_CONVERSION = YES;
				CLANG_WARN_CONSTANT_CONVERSION = YES;
				CLANG_WARN_DIRECT_OBJC_ISA_USAGE = YES_ERROR;
				CLANG_WARN_DOCUMENTATION_COMMENTS = YES;
				CLANG_WARN_EMPTY_BODY = YES;
				CLANG_WARN_ENUM_CONVERSION = YES;
				CLANG_WARN_INFINITE_RECURSION = YES;
				CLANG_WARN_INT_CONVERSION = YES;
				CLANG_WARN_OBJC_ROOT_CLASS = YES_ERROR;
				CLANG_WARN_SUSPICIOUS_MOVES = YES;
				CLANG_WARN_UNREACHABLE_CODE = YES;
				CLANG_WARN__DUPLICATE_METHOD_MATCH = YES;
				"CODE_SIGN_IDENTITY[sdk=iphoneos*]" = "iPhone Developer";
				COPY_PHASE_STRIP = NO;
				DEBUG_INFORMATION_FORMAT = dwarf;
				ENABLE_STRICT_OBJC_MSGSEND = YES;
				ENABLE_TESTABILITY = YES;
				GCC_C_LANGUAGE_STANDARD = gnu99;
				GCC_DYNAMIC_NO_PIC = NO;
				GCC_NO_COMMON_BLOCKS = YES;
				GCC_OPTIMIZATION_LEVEL = 0;
				GCC_PREPROCESSOR_DEFINITIONS = (
					"DEBUG=1",
					"$(inherited)",
				);
				GCC_WARN_64_TO_32_BIT_CONVERSION = YES;
				GCC_WARN_ABOUT_RETURN_TYPE = YES_ERROR;
				GCC_WARN_UNDECLARED_SELECTOR = YES;
				GCC_WARN_UNINITIALIZED_AUTOS = YES_AGGRESSIVE;
				GCC_WARN_UNUSED_FUNCTION = YES;
				GCC_WARN_UNUSED_VARIABLE = YES;
				IPHONEOS_DEPLOYMENT_TARGET = 10.1;
				MTL_ENABLE_DEBUG_INFO = YES;
				ONLY_ACTIVE_ARCH = YES;
				SDKROOT = iphoneos;
			};
			name = Debug;
		};
		C14C419F1DAA09F8001D2D35 /* Release */ = {
			isa = XCBuildConfiguration;
			buildSettings = {
				ALWAYS_SEARCH_USER_PATHS = NO;
				CLANG_ANALYZER_NONNULL = YES;
				CLANG_CXX_LANGUAGE_STANDARD = "gnu++0x";
				CLANG_CXX_LIBRARY = "libc++";
				CLANG_ENABLE_MODULES = YES;
				CLANG_ENABLE_OBJC_ARC = YES;
				CLANG_WARN_BOOL_CONVERSION = YES;
				CLANG_WARN_CONSTANT_CONVERSION = YES;
				CLANG_WARN_DIRECT_OBJC_ISA_USAGE = YES_ERROR;
				CLANG_WARN_DOCUMENTATION_COMMENTS = YES;
				CLANG_WARN_EMPTY_BODY = YES;
				CLANG_WARN_ENUM_CONVERSION = YES;
				CLANG_WARN_INFINITE_RECURSION = YES;
				CLANG_WARN_INT_CONVERSION = YES;
				CLANG_WARN_OBJC_ROOT_CLASS = YES_ERROR;
				CLANG_WARN_SUSPICIOUS_MOVES = YES;
				CLANG_WARN_UNREACHABLE_CODE = YES;
				CLANG_WARN__DUPLICATE_METHOD_MATCH = YES;
				"CODE_SIGN_IDENTITY[sdk=iphoneos*]" = "iPhone Developer";
				COPY_PHASE_STRIP = NO;
				DEBUG_INFORMATION_FORMAT = "dwarf-with-dsym";
				ENABLE_NS_ASSERTIONS = NO;
				ENABLE_STRICT_OBJC_MSGSEND = YES;
				GCC_C_LANGUAGE_STANDARD = gnu99;
				GCC_NO_COMMON_BLOCKS = YES;
				GCC_WARN_64_TO_32_BIT_CONVERSION = YES;
				GCC_WARN_ABOUT_RETURN_TYPE = YES_ERROR;
				GCC_WARN_UNDECLARED_SELECTOR = YES;
				GCC_WARN_UNINITIALIZED_AUTOS = YES_AGGRESSIVE;
				GCC_WARN_UNUSED_FUNCTION = YES;
				GCC_WARN_UNUSED_VARIABLE = YES;
				IPHONEOS_DEPLOYMENT_TARGET = 10.1;
				MTL_ENABLE_DEBUG_INFO = NO;
				SDKROOT = iphoneos;
				VALIDATE_PRODUCT = YES;
			};
			name = Release;
		};
		C14C41A11DAA09F8001D2D35 /* Debug */ = {
			isa = XCBuildConfiguration;
			baseConfigurationReference = A2317DEA01C906EBAE544B3E /* Pods-MessagesExtension.debug.xcconfig */;
			buildSettings = {
				ASSETCATALOG_COMPILER_APPICON_NAME = "iMessage App Icon";
				DEVELOPMENT_TEAM = 8V5J4G27BG;
				INFOPLIST_FILE = MessagesExtension/Info.plist;
				IPHONEOS_DEPLOYMENT_TARGET = 10.0;
				LD_RUNPATH_SEARCH_PATHS = "$(inherited) @executable_path/Frameworks @executable_path/../../Frameworks";
				PRODUCT_BUNDLE_IDENTIFIER = com.cpdigitaldarkroom.PicChoose.MessagesExtension;
				PRODUCT_NAME = "$(TARGET_NAME)";
				SKIP_INSTALL = YES;
			};
			name = Debug;
		};
		C14C41A21DAA09F8001D2D35 /* Release */ = {
			isa = XCBuildConfiguration;
			baseConfigurationReference = 3B167D77EEA1B37339CC7810 /* Pods-MessagesExtension.release.xcconfig */;
			buildSettings = {
				ASSETCATALOG_COMPILER_APPICON_NAME = "iMessage App Icon";
				DEVELOPMENT_TEAM = 8V5J4G27BG;
				INFOPLIST_FILE = MessagesExtension/Info.plist;
				IPHONEOS_DEPLOYMENT_TARGET = 10.0;
				LD_RUNPATH_SEARCH_PATHS = "$(inherited) @executable_path/Frameworks @executable_path/../../Frameworks";
				PRODUCT_BUNDLE_IDENTIFIER = com.cpdigitaldarkroom.PicChoose.MessagesExtension;
				PRODUCT_NAME = "$(TARGET_NAME)";
				SKIP_INSTALL = YES;
			};
			name = Release;
		};
		C14C41A51DAA09F8001D2D35 /* Debug */ = {
			isa = XCBuildConfiguration;
			baseConfigurationReference = AAD9628BD66BE8E79C4D0DD9 /* Pods-PicChoose.debug.xcconfig */;
			buildSettings = {
				ASSETCATALOG_COMPILER_APPICON_NAME = AppIcon;
				DEVELOPMENT_TEAM = 8V5J4G27BG;
				INFOPLIST_FILE = PicChoose/Info.plist;
				IPHONEOS_DEPLOYMENT_TARGET = 10.0;
				PRODUCT_BUNDLE_IDENTIFIER = com.cpdigitaldarkroom.PicChoose;
				PRODUCT_NAME = "$(TARGET_NAME)";
				TARGETED_DEVICE_FAMILY = "1,2";
			};
			name = Debug;
		};
		C14C41A61DAA09F8001D2D35 /* Release */ = {
			isa = XCBuildConfiguration;
			baseConfigurationReference = 74CCB977A60AFCB8F13A3CB9 /* Pods-PicChoose.release.xcconfig */;
			buildSettings = {
				ASSETCATALOG_COMPILER_APPICON_NAME = AppIcon;
				DEVELOPMENT_TEAM = 8V5J4G27BG;
				INFOPLIST_FILE = PicChoose/Info.plist;
				IPHONEOS_DEPLOYMENT_TARGET = 10.0;
				PRODUCT_BUNDLE_IDENTIFIER = com.cpdigitaldarkroom.PicChoose;
				PRODUCT_NAME = "$(TARGET_NAME)";
				TARGETED_DEVICE_FAMILY = "1,2";
			};
			name = Release;
		};
/* End XCBuildConfiguration section */

/* Begin XCConfigurationList section */
		C14C41801DAA09F7001D2D35 /* Build configuration list for PBXProject "PicChoose" */ = {
			isa = XCConfigurationList;
			buildConfigurations = (
				C14C419E1DAA09F8001D2D35 /* Debug */,
				C14C419F1DAA09F8001D2D35 /* Release */,
			);
			defaultConfigurationIsVisible = 0;
			defaultConfigurationName = Release;
		};
		C14C41A01DAA09F8001D2D35 /* Build configuration list for PBXNativeTarget "MessagesExtension" */ = {
			isa = XCConfigurationList;
			buildConfigurations = (
				C14C41A11DAA09F8001D2D35 /* Debug */,
				C14C41A21DAA09F8001D2D35 /* Release */,
			);
			defaultConfigurationIsVisible = 0;
			defaultConfigurationName = Release;
		};
		C14C41A41DAA09F8001D2D35 /* Build configuration list for PBXNativeTarget "PicChoose" */ = {
			isa = XCConfigurationList;
			buildConfigurations = (
				C14C41A51DAA09F8001D2D35 /* Debug */,
				C14C41A61DAA09F8001D2D35 /* Release */,
			);
			defaultConfigurationIsVisible = 0;
			defaultConfigurationName = Release;
		};
/* End XCConfigurationList section */
	};
	rootObject = C14C417D1DAA09F7001D2D35 /* Project object */;
}
